
Microsoft Visual Studio Solution File, Format Version 12.00
Project("{2150E333-8FDC-42A3-9474-1A3956D46DE8}") = "HouseHolderService", "HouseHolderService", "{1473A34F-AB2B-436F-9B8D-653899AA212A}"
EndProject
Project("{2150E333-8FDC-42A3-9474-1A3956D46DE8}") = "DispatcherService", "DispatcherService", "{3C0912B7-771F-4760-9CA9-32188996013E}"
EndProject
Project("{2150E333-8FDC-42A3-9474-1A3956D46DE8}") = "TeamService", "TeamService", "{B0F028FB-6FD2-4557-B255-1F8B5FCC4D52}"
EndProject
Project("{2150E333-8FDC-42A3-9474-1A3956D46DE8}") = "WorkPlanService", "WorkPlanService", "{DEE47A17-84AB-48F0-AEB9-8C8049A3249A}"
EndProject
Project("{FAE04EC0-301F-11D3-BF4B-00C04F79EFBC}") = "Dispatcher.Api", "Dispatcher.Api\Dispatcher.Api.csproj", "{6829AED0-B72F-4DD3-95F3-F2495845FA49}"
EndProject
Project("{FAE04EC0-301F-11D3-BF4B-00C04F79EFBC}") = "HouseHolder.Api", "HouseHolder.Api\HouseHolder.Api.csproj", "{910BAE32-8DFA-4195-80D9-A659A70C01DA}"
EndProject
Project("{FAE04EC0-301F-11D3-BF4B-00C04F79EFBC}") = "Team.Api", "Team.Api\Team.Api.csproj", "{FC4F7549-7634-4409-B508-51430AF1C100}"
EndProject
Project("{FAE04EC0-301F-11D3-BF4B-00C04F79EFBC}") = "WorkPlan.Api", "WorkPlan.Api\WorkPlan.Api.csproj", "{540E4688-F038-4563-A8AD-82F27AA6CB90}"
EndProject
Project("{FAE04EC0-301F-11D3-BF4B-00C04F79EFBC}") = "Dispatcher.Data", "Dispatcher.Data\Dispatcher.Data.csproj", "{39D9138D-9328-4EF8-9912-C0C8EA6893D8}"
EndProject
Project("{FAE04EC0-301F-11D3-BF4B-00C04F79EFBC}") = "Dispatcher.Service", "Dispatcher.Service\Dispatcher.Service.csproj", "{408B4340-1E3C-452B-BDA1-89F1EF81C32F}"
EndProject
Project("{FAE04EC0-301F-11D3-BF4B-00C04F79EFBC}") = "Dispatcher.Entity", "Dispatcher.Entity\Dispatcher.Entity.csproj", "{FEAEBEC4-0819-4418-BEC2-86F2F96ADA0D}"
EndProject
Project("{FAE04EC0-301F-11D3-BF4B-00C04F79EFBC}") = "HouseHolder.Data", "HouseHolder.Data\HouseHolder.Data.csproj", "{D252E087-8959-441C-BA80-861A25DB2F00}"
EndProject
Project("{FAE04EC0-301F-11D3-BF4B-00C04F79EFBC}") = "HouseHolder.Entity", "HouseHolder.Entity\HouseHolder.Entity.csproj", "{6837CEF7-BDAE-4745-A44C-DED10B646543}"
EndProject
Project("{FAE04EC0-301F-11D3-BF4B-00C04F79EFBC}") = "HouseHolder.Service", "HouseHolder.Service\HouseHolder.Service.csproj", "{C3E9DAF9-7BD2-4B27-89D0-3F7C03361F99}"
EndProject
Project("{FAE04EC0-301F-11D3-BF4B-00C04F79EFBC}") = "Team.Data", "Team.Data\Team.Data.csproj", "{02E7D18A-57AB-44CF-86B9-E3B1EFAFF4B0}"
EndProject
Project("{FAE04EC0-301F-11D3-BF4B-00C04F79EFBC}") = "Team.Entity", "Team.Entity\Team.Entity.csproj", "{F0216E7C-061C-4E48-9CC4-30D8F3B95A14}"
EndProject
Project("{FAE04EC0-301F-11D3-BF4B-00C04F79EFBC}") = "Team.Service", "Team.Service\Team.Service.csproj", "{12DB0FEE-FD2B-46DD-97DD-C8E754F49B17}"
EndProject
Project("{FAE04EC0-301F-11D3-BF4B-00C04F79EFBC}") = "WorkPlan.Entity", "WorkPlan.Entity\WorkPlan.Entity.csproj", "{F2D29682-285D-4541-8E33-AD5B0AE90756}"
EndProject
Project("{FAE04EC0-301F-11D3-BF4B-00C04F79EFBC}") = "WorkPlan.Data", "WorkPlan.Data\WorkPlan.Data.csproj", "{B6E11778-34A2-488F-BF34-856C77CF2511}"
EndProject
Project("{FAE04EC0-301F-11D3-BF4B-00C04F79EFBC}") = "WorkPlan.Service", "WorkPlan.Service\WorkPlan.Service.csproj", "{CE134A35-7708-4363-89F7-F0A49AD344DE}"
EndProject
Project("{2150E333-8FDC-42A3-9474-1A3956D46DE8}") = "Shared", "Shared", "{E8D80C0E-E9C7-4703-A922-66386EB4A5D4}"
EndProject
Project("{FAE04EC0-301F-11D3-BF4B-00C04F79EFBC}") = "Shared.Entity", "Shared.Entity\Shared.Entity.csproj", "{F773D1C7-1CD0-45C4-9B31-553587B71FA4}"
EndProject
Project("{FAE04EC0-301F-11D3-BF4B-00C04F79EFBC}") = "Shared.Dto", "Shared.Dto\Shared.Dto.csproj", "{AE8B5481-717D-4AA3-B5F6-52103375352F}"
EndProject
Project("{FAE04EC0-301F-11D3-BF4B-00C04F79EFBC}") = "Shared.Repository", "Shared.Repository\Shared.Repository.csproj", "{D352DB1A-BB52-42E7-A48C-E69D792F26D9}"
EndProject
Global
	GlobalSection(SolutionConfigurationPlatforms) = preSolution
		Debug|Any CPU = Debug|Any CPU
		Release|Any CPU = Release|Any CPU
	EndGlobalSection
	GlobalSection(ProjectConfigurationPlatforms) = postSolution
		{6829AED0-B72F-4DD3-95F3-F2495845FA49}.Debug|Any CPU.ActiveCfg = Debug|Any CPU
		{6829AED0-B72F-4DD3-95F3-F2495845FA49}.Debug|Any CPU.Build.0 = Debug|Any CPU
		{6829AED0-B72F-4DD3-95F3-F2495845FA49}.Release|Any CPU.ActiveCfg = Release|Any CPU
		{6829AED0-B72F-4DD3-95F3-F2495845FA49}.Release|Any CPU.Build.0 = Release|Any CPU
		{910BAE32-8DFA-4195-80D9-A659A70C01DA}.Debug|Any CPU.ActiveCfg = Debug|Any CPU
		{910BAE32-8DFA-4195-80D9-A659A70C01DA}.Debug|Any CPU.Build.0 = Debug|Any CPU
		{910BAE32-8DFA-4195-80D9-A659A70C01DA}.Release|Any CPU.ActiveCfg = Release|Any CPU
		{910BAE32-8DFA-4195-80D9-A659A70C01DA}.Release|Any CPU.Build.0 = Release|Any CPU
		{FC4F7549-7634-4409-B508-51430AF1C100}.Debug|Any CPU.ActiveCfg = Debug|Any CPU
		{FC4F7549-7634-4409-B508-51430AF1C100}.Debug|Any CPU.Build.0 = Debug|Any CPU
		{FC4F7549-7634-4409-B508-51430AF1C100}.Release|Any CPU.ActiveCfg = Release|Any CPU
		{FC4F7549-7634-4409-B508-51430AF1C100}.Release|Any CPU.Build.0 = Release|Any CPU
		{540E4688-F038-4563-A8AD-82F27AA6CB90}.Debug|Any CPU.ActiveCfg = Debug|Any CPU
		{540E4688-F038-4563-A8AD-82F27AA6CB90}.Debug|Any CPU.Build.0 = Debug|Any CPU
		{540E4688-F038-4563-A8AD-82F27AA6CB90}.Release|Any CPU.ActiveCfg = Release|Any CPU
		{540E4688-F038-4563-A8AD-82F27AA6CB90}.Release|Any CPU.Build.0 = Release|Any CPU
		{39D9138D-9328-4EF8-9912-C0C8EA6893D8}.Debug|Any CPU.ActiveCfg = Debug|Any CPU
		{39D9138D-9328-4EF8-9912-C0C8EA6893D8}.Debug|Any CPU.Build.0 = Debug|Any CPU
		{39D9138D-9328-4EF8-9912-C0C8EA6893D8}.Release|Any CPU.ActiveCfg = Release|Any CPU
		{39D9138D-9328-4EF8-9912-C0C8EA6893D8}.Release|Any CPU.Build.0 = Release|Any CPU
		{408B4340-1E3C-452B-BDA1-89F1EF81C32F}.Debug|Any CPU.ActiveCfg = Debug|Any CPU
		{408B4340-1E3C-452B-BDA1-89F1EF81C32F}.Debug|Any CPU.Build.0 = Debug|Any CPU
		{408B4340-1E3C-452B-BDA1-89F1EF81C32F}.Release|Any CPU.ActiveCfg = Release|Any CPU
		{408B4340-1E3C-452B-BDA1-89F1EF81C32F}.Release|Any CPU.Build.0 = Release|Any CPU
		{FEAEBEC4-0819-4418-BEC2-86F2F96ADA0D}.Debug|Any CPU.ActiveCfg = Debug|Any CPU
		{FEAEBEC4-0819-4418-BEC2-86F2F96ADA0D}.Debug|Any CPU.Build.0 = Debug|Any CPU
		{FEAEBEC4-0819-4418-BEC2-86F2F96ADA0D}.Release|Any CPU.ActiveCfg = Release|Any CPU
		{FEAEBEC4-0819-4418-BEC2-86F2F96ADA0D}.Release|Any CPU.Build.0 = Release|Any CPU
		{D252E087-8959-441C-BA80-861A25DB2F00}.Debug|Any CPU.ActiveCfg = Debug|Any CPU
		{D252E087-8959-441C-BA80-861A25DB2F00}.Debug|Any CPU.Build.0 = Debug|Any CPU
		{D252E087-8959-441C-BA80-861A25DB2F00}.Release|Any CPU.ActiveCfg = Release|Any CPU
		{D252E087-8959-441C-BA80-861A25DB2F00}.Release|Any CPU.Build.0 = Release|Any CPU
		{6837CEF7-BDAE-4745-A44C-DED10B646543}.Debug|Any CPU.ActiveCfg = Debug|Any CPU
		{6837CEF7-BDAE-4745-A44C-DED10B646543}.Debug|Any CPU.Build.0 = Debug|Any CPU
		{6837CEF7-BDAE-4745-A44C-DED10B646543}.Release|Any CPU.ActiveCfg = Release|Any CPU
		{6837CEF7-BDAE-4745-A44C-DED10B646543}.Release|Any CPU.Build.0 = Release|Any CPU
		{C3E9DAF9-7BD2-4B27-89D0-3F7C03361F99}.Debug|Any CPU.ActiveCfg = Debug|Any CPU
		{C3E9DAF9-7BD2-4B27-89D0-3F7C03361F99}.Debug|Any CPU.Build.0 = Debug|Any CPU
		{C3E9DAF9-7BD2-4B27-89D0-3F7C03361F99}.Release|Any CPU.ActiveCfg = Release|Any CPU
		{C3E9DAF9-7BD2-4B27-89D0-3F7C03361F99}.Release|Any CPU.Build.0 = Release|Any CPU
		{02E7D18A-57AB-44CF-86B9-E3B1EFAFF4B0}.Debug|Any CPU.ActiveCfg = Debug|Any CPU
		{02E7D18A-57AB-44CF-86B9-E3B1EFAFF4B0}.Debug|Any CPU.Build.0 = Debug|Any CPU
		{02E7D18A-57AB-44CF-86B9-E3B1EFAFF4B0}.Release|Any CPU.ActiveCfg = Release|Any CPU
		{02E7D18A-57AB-44CF-86B9-E3B1EFAFF4B0}.Release|Any CPU.Build.0 = Release|Any CPU
		{F0216E7C-061C-4E48-9CC4-30D8F3B95A14}.Debug|Any CPU.ActiveCfg = Debug|Any CPU
		{F0216E7C-061C-4E48-9CC4-30D8F3B95A14}.Debug|Any CPU.Build.0 = Debug|Any CPU
		{F0216E7C-061C-4E48-9CC4-30D8F3B95A14}.Release|Any CPU.ActiveCfg = Release|Any CPU
		{F0216E7C-061C-4E48-9CC4-30D8F3B95A14}.Release|Any CPU.Build.0 = Release|Any CPU
		{12DB0FEE-FD2B-46DD-97DD-C8E754F49B17}.Debug|Any CPU.ActiveCfg = Debug|Any CPU
		{12DB0FEE-FD2B-46DD-97DD-C8E754F49B17}.Debug|Any CPU.Build.0 = Debug|Any CPU
		{12DB0FEE-FD2B-46DD-97DD-C8E754F49B17}.Release|Any CPU.ActiveCfg = Release|Any CPU
		{12DB0FEE-FD2B-46DD-97DD-C8E754F49B17}.Release|Any CPU.Build.0 = Release|Any CPU
		{F2D29682-285D-4541-8E33-AD5B0AE90756}.Debug|Any CPU.ActiveCfg = Debug|Any CPU
		{F2D29682-285D-4541-8E33-AD5B0AE90756}.Debug|Any CPU.Build.0 = Debug|Any CPU
		{F2D29682-285D-4541-8E33-AD5B0AE90756}.Release|Any CPU.ActiveCfg = Release|Any CPU
		{F2D29682-285D-4541-8E33-AD5B0AE90756}.Release|Any CPU.Build.0 = Release|Any CPU
		{B6E11778-34A2-488F-BF34-856C77CF2511}.Debug|Any CPU.ActiveCfg = Debug|Any CPU
		{B6E11778-34A2-488F-BF34-856C77CF2511}.Debug|Any CPU.Build.0 = Debug|Any CPU
		{B6E11778-34A2-488F-BF34-856C77CF2511}.Release|Any CPU.ActiveCfg = Release|Any CPU
		{B6E11778-34A2-488F-BF34-856C77CF2511}.Release|Any CPU.Build.0 = Release|Any CPU
		{CE134A35-7708-4363-89F7-F0A49AD344DE}.Debug|Any CPU.ActiveCfg = Debug|Any CPU
		{CE134A35-7708-4363-89F7-F0A49AD344DE}.Debug|Any CPU.Build.0 = Debug|Any CPU
		{CE134A35-7708-4363-89F7-F0A49AD344DE}.Release|Any CPU.ActiveCfg = Release|Any CPU
		{CE134A35-7708-4363-89F7-F0A49AD344DE}.Release|Any CPU.Build.0 = Release|Any CPU
		{F773D1C7-1CD0-45C4-9B31-553587B71FA4}.Debug|Any CPU.ActiveCfg = Debug|Any CPU
		{F773D1C7-1CD0-45C4-9B31-553587B71FA4}.Debug|Any CPU.Build.0 = Debug|Any CPU
		{F773D1C7-1CD0-45C4-9B31-553587B71FA4}.Release|Any CPU.ActiveCfg = Release|Any CPU
		{F773D1C7-1CD0-45C4-9B31-553587B71FA4}.Release|Any CPU.Build.0 = Release|Any CPU
		{AE8B5481-717D-4AA3-B5F6-52103375352F}.Debug|Any CPU.ActiveCfg = Debug|Any CPU
		{AE8B5481-717D-4AA3-B5F6-52103375352F}.Debug|Any CPU.Build.0 = Debug|Any CPU
		{AE8B5481-717D-4AA3-B5F6-52103375352F}.Release|Any CPU.ActiveCfg = Release|Any CPU
		{AE8B5481-717D-4AA3-B5F6-52103375352F}.Release|Any CPU.Build.0 = Release|Any CPU
		{D352DB1A-BB52-42E7-A48C-E69D792F26D9}.Debug|Any CPU.ActiveCfg = Debug|Any CPU
		{D352DB1A-BB52-42E7-A48C-E69D792F26D9}.Debug|Any CPU.Build.0 = Debug|Any CPU
		{D352DB1A-BB52-42E7-A48C-E69D792F26D9}.Release|Any CPU.ActiveCfg = Release|Any CPU
		{D352DB1A-BB52-42E7-A48C-E69D792F26D9}.Release|Any CPU.Build.0 = Release|Any CPU
	EndGlobalSection
	GlobalSection(NestedProjects) = preSolution
		{6829AED0-B72F-4DD3-95F3-F2495845FA49} = {3C0912B7-771F-4760-9CA9-32188996013E}
		{910BAE32-8DFA-4195-80D9-A659A70C01DA} = {1473A34F-AB2B-436F-9B8D-653899AA212A}
		{FC4F7549-7634-4409-B508-51430AF1C100} = {B0F028FB-6FD2-4557-B255-1F8B5FCC4D52}
		{540E4688-F038-4563-A8AD-82F27AA6CB90} = {DEE47A17-84AB-48F0-AEB9-8C8049A3249A}
		{39D9138D-9328-4EF8-9912-C0C8EA6893D8} = {3C0912B7-771F-4760-9CA9-32188996013E}
		{408B4340-1E3C-452B-BDA1-89F1EF81C32F} = {3C0912B7-771F-4760-9CA9-32188996013E}
		{FEAEBEC4-0819-4418-BEC2-86F2F96ADA0D} = {3C0912B7-771F-4760-9CA9-32188996013E}
		{D252E087-8959-441C-BA80-861A25DB2F00} = {1473A34F-AB2B-436F-9B8D-653899AA212A}
		{6837CEF7-BDAE-4745-A44C-DED10B646543} = {1473A34F-AB2B-436F-9B8D-653899AA212A}
		{C3E9DAF9-7BD2-4B27-89D0-3F7C03361F99} = {1473A34F-AB2B-436F-9B8D-653899AA212A}
		{02E7D18A-57AB-44CF-86B9-E3B1EFAFF4B0} = {B0F028FB-6FD2-4557-B255-1F8B5FCC4D52}
		{F0216E7C-061C-4E48-9CC4-30D8F3B95A14} = {B0F028FB-6FD2-4557-B255-1F8B5FCC4D52}
		{12DB0FEE-FD2B-46DD-97DD-C8E754F49B17} = {B0F028FB-6FD2-4557-B255-1F8B5FCC4D52}
		{F2D29682-285D-4541-8E33-AD5B0AE90756} = {DEE47A17-84AB-48F0-AEB9-8C8049A3249A}
		{B6E11778-34A2-488F-BF34-856C77CF2511} = {DEE47A17-84AB-48F0-AEB9-8C8049A3249A}
		{CE134A35-7708-4363-89F7-F0A49AD344DE} = {DEE47A17-84AB-48F0-AEB9-8C8049A3249A}
		{F773D1C7-1CD0-45C4-9B31-553587B71FA4} = {E8D80C0E-E9C7-4703-A922-66386EB4A5D4}
		{AE8B5481-717D-4AA3-B5F6-52103375352F} = {E8D80C0E-E9C7-4703-A922-66386EB4A5D4}
		{D352DB1A-BB52-42E7-A48C-E69D792F26D9} = {E8D80C0E-E9C7-4703-A922-66386EB4A5D4}
	EndGlobalSection
EndGlobal
